
Microsoft Visual Studio Solution File, Format Version 12.00
# Visual Studio Version 17
VisualStudioVersion = 17.10.34916.146
MinimumVisualStudioVersion = 10.0.40219.1
Project("{9A19103F-16F7-4668-BE54-9A1E7A4F7556}") = "LearningPlatform.mvc", "LearningPlatform.mvc\LearningPlatform.mvc.csproj", "{F24E5878-C387-46BE-B090-936CD5376A26}"
EndProject
Project("{9A19103F-16F7-4668-BE54-9A1E7A4F7556}") = "LearningPlatform.BLL", "LearningPlatform.BLL\LearningPlatform.BLL.csproj", "{A9C64D8C-4C6C-40DE-B003-A7D4487200C4}"
EndProject
Project("{9A19103F-16F7-4668-BE54-9A1E7A4F7556}") = "LearningPlatform.DAL", "LearningPlatform.DAL\LearningPlatform.DAL.csproj", "{0098A78A-02E3-4E2E-BC15-E1FA24E061B1}"
EndProject
Global
	GlobalSection(SolutionConfigurationPlatforms) = preSolution
		Debug|Any CPU = Debug|Any CPU
		Release|Any CPU = Release|Any CPU
	EndGlobalSection
	GlobalSection(ProjectConfigurationPlatforms) = postSolution
		{F24E5878-C387-46BE-B090-936CD5376A26}.Debug|Any CPU.ActiveCfg = Debug|Any CPU
		{F24E5878-C387-46BE-B090-936CD5376A26}.Debug|Any CPU.Build.0 = Debug|Any CPU
		{F24E5878-C387-46BE-B090-936CD5376A26}.Release|Any CPU.ActiveCfg = Release|Any CPU
		{F24E5878-C387-46BE-B090-936CD5376A26}.Release|Any CPU.Build.0 = Release|Any CPU
		{A9C64D8C-4C6C-40DE-B003-A7D4487200C4}.Debug|Any CPU.ActiveCfg = Debug|Any CPU
		{A9C64D8C-4C6C-40DE-B003-A7D4487200C4}.Debug|Any CPU.Build.0 = Debug|Any CPU
		{A9C64D8C-4C6C-40DE-B003-A7D4487200C4}.Release|Any CPU.ActiveCfg = Release|Any CPU
		{A9C64D8C-4C6C-40DE-B003-A7D4487200C4}.Release|Any CPU.Build.0 = Release|Any CPU
		{0098A78A-02E3-4E2E-BC15-E1FA24E061B1}.Debug|Any CPU.ActiveCfg = Debug|Any CPU
		{0098A78A-02E3-4E2E-BC15-E1FA24E061B1}.Debug|Any CPU.Build.0 = Debug|Any CPU
		{0098A78A-02E3-4E2E-BC15-E1FA24E061B1}.Release|Any CPU.ActiveCfg = Release|Any CPU
		{0098A78A-02E3-4E2E-BC15-E1FA24E061B1}.Release|Any CPU.Build.0 = Release|Any CPU
	EndGlobalSection
	GlobalSection(SolutionProperties) = preSolution
		HideSolutionNode = FALSE
	EndGlobalSection
	GlobalSection(ExtensibilityGlobals) = postSolution
		SolutionGuid = {F2967469-0044-47FC-B263-C2983AB55B50}
	EndGlobalSection
EndGlobal
